version: 6
environments:
  default:
    channels:
    - url: https://conda.anaconda.org/conda-forge/
    packages:
      win-64:
      - conda: https://conda.anaconda.org/conda-forge/win-64/bzip2-1.0.8-h2466b09_7.conda
      - conda: https://conda.anaconda.org/conda-forge/win-64/ca-certificates-2024.12.14-h56e8100_0.conda
      - conda: https://conda.anaconda.org/conda-forge/noarch/colorama-0.4.6-pyhd8ed1ab_1.conda
      - conda: https://conda.anaconda.org/conda-forge/noarch/exceptiongroup-1.2.2-pyhd8ed1ab_1.conda
      - conda: https://conda.anaconda.org/conda-forge/noarch/iniconfig-2.0.0-pyhd8ed1ab_1.conda
      - conda: https://conda.anaconda.org/conda-forge/win-64/intel-openmp-2024.2.1-h57928b3_1083.conda
      - conda: https://conda.anaconda.org/conda-forge/win-64/libblas-3.9.0-26_win64_mkl.conda
      - conda: https://conda.anaconda.org/conda-forge/win-64/libcblas-3.9.0-26_win64_mkl.conda
      - conda: https://conda.anaconda.org/conda-forge/win-64/libexpat-2.6.4-he0c23c2_0.conda
      - conda: https://conda.anaconda.org/conda-forge/win-64/libffi-3.4.2-h8ffe710_5.tar.bz2
      - conda: https://conda.anaconda.org/conda-forge/win-64/libhwloc-2.11.2-default_ha69328c_1001.conda
      - conda: https://conda.anaconda.org/conda-forge/win-64/libiconv-1.17-hcfcfb64_2.conda
      - conda: https://conda.anaconda.org/conda-forge/win-64/liblapack-3.9.0-26_win64_mkl.conda
      - conda: https://conda.anaconda.org/conda-forge/win-64/liblzma-5.6.3-h2466b09_1.conda
      - conda: https://conda.anaconda.org/conda-forge/win-64/libmpdec-4.0.0-h2466b09_0.conda
      - conda: https://conda.anaconda.org/conda-forge/win-64/libsqlite-3.47.2-h67fdade_0.conda
      - conda: https://conda.anaconda.org/conda-forge/win-64/libwinpthread-12.0.0.r4.gg4f2fc60ca-h57928b3_8.conda
      - conda: https://conda.anaconda.org/conda-forge/win-64/libxml2-2.13.5-he286e8c_1.conda
      - conda: https://conda.anaconda.org/conda-forge/win-64/libzlib-1.3.1-h2466b09_2.conda
      - conda: https://conda.anaconda.org/conda-forge/win-64/maturin-1.7.8-py313h2069e65_0.conda
      - conda: https://conda.anaconda.org/conda-forge/win-64/mkl-2024.2.2-h66d3029_15.conda
      - conda: https://conda.anaconda.org/conda-forge/win-64/mypy-1.13.0-py313ha7868ed_0.conda
      - conda: https://conda.anaconda.org/conda-forge/noarch/mypy_extensions-1.0.0-pyha770c72_1.conda
      - conda: https://conda.anaconda.org/conda-forge/win-64/numpy-2.2.0-py313hd65a2fa_0.conda
      - conda: https://conda.anaconda.org/conda-forge/win-64/openssl-3.4.0-h2466b09_0.conda
      - conda: https://conda.anaconda.org/conda-forge/noarch/packaging-24.2-pyhd8ed1ab_2.conda
      - conda: https://conda.anaconda.org/conda-forge/noarch/pluggy-1.5.0-pyhd8ed1ab_1.conda
      - conda: https://conda.anaconda.org/conda-forge/win-64/polars-1.17.1-py313ha4bf7ce_0.conda
      - conda: https://conda.anaconda.org/conda-forge/win-64/psutil-6.1.0-py313ha7868ed_0.conda
      - conda: https://conda.anaconda.org/conda-forge/noarch/pytest-8.3.4-pyhd8ed1ab_1.conda
      - conda: https://conda.anaconda.org/conda-forge/win-64/python-3.13.1-h071d269_102_cp313.conda
      - conda: https://conda.anaconda.org/conda-forge/win-64/python_abi-3.13-5_cp313.conda
      - conda: https://conda.anaconda.org/conda-forge/win-64/ruff-0.8.3-py313h331c231_0.conda
      - conda: https://conda.anaconda.org/conda-forge/win-64/rust-1.83.0-hf8d6059_0.conda
      - conda: https://conda.anaconda.org/conda-forge/noarch/rust-std-x86_64-pc-windows-msvc-1.83.0-h17fc481_0.conda
      - conda: https://conda.anaconda.org/conda-forge/win-64/tbb-2021.13.0-h62715c5_1.conda
      - conda: https://conda.anaconda.org/conda-forge/win-64/tk-8.6.13-h5226925_1.conda
      - conda: https://conda.anaconda.org/conda-forge/noarch/tomli-2.2.1-pyhd8ed1ab_1.conda
      - conda: https://conda.anaconda.org/conda-forge/noarch/typing_extensions-4.12.2-pyha770c72_1.conda
      - conda: https://conda.anaconda.org/conda-forge/noarch/tzdata-2024b-hc8b5060_0.conda
      - conda: https://conda.anaconda.org/conda-forge/win-64/ucrt-10.0.22621.0-h57928b3_1.conda
      - conda: https://conda.anaconda.org/conda-forge/win-64/uv-0.5.10-ha08ef0e_0.conda
      - conda: https://conda.anaconda.org/conda-forge/win-64/vc-14.3-ha32ba9b_23.conda
      - conda: https://conda.anaconda.org/conda-forge/win-64/vc14_runtime-14.42.34433-he29a5d6_23.conda
      - conda: https://conda.anaconda.org/conda-forge/win-64/vs2015_runtime-14.42.34433-hdffcdeb_23.conda
packages:
- conda: https://conda.anaconda.org/conda-forge/win-64/bzip2-1.0.8-h2466b09_7.conda
  sha256: 35a5dad92e88fdd7fc405e864ec239486f4f31eec229e31686e61a140a8e573b
  md5: 276e7ffe9ffe39688abc665ef0f45596
  depends:
  - ucrt >=10.0.20348.0
  - vc >=14.2,<15
  - vc14_runtime >=14.29.30139
  license: bzip2-1.0.6
  license_family: BSD
  size: 54927
  timestamp: 1720974860185
- conda: https://conda.anaconda.org/conda-forge/win-64/ca-certificates-2024.12.14-h56e8100_0.conda
  sha256: 424d82db36cd26234bc4772426170efd60e888c2aed0099a257a95e131683a5e
  md5: cb2eaeb88549ddb27af533eccf9a45c1
  license: ISC
  size: 157422
  timestamp: 1734208404685
- conda: https://conda.anaconda.org/conda-forge/noarch/colorama-0.4.6-pyhd8ed1ab_1.conda
  sha256: ab29d57dc70786c1269633ba3dff20288b81664d3ff8d21af995742e2bb03287
  md5: 962b9857ee8e7018c22f2776ffa0b2d7
  depends:
  - python >=3.9
  license: BSD-3-Clause
  license_family: BSD
  size: 27011
  timestamp: 1733218222191
- conda: https://conda.anaconda.org/conda-forge/noarch/exceptiongroup-1.2.2-pyhd8ed1ab_1.conda
  sha256: cbde2c64ec317118fc06b223c5fd87c8a680255e7348dd60e7b292d2e103e701
  md5: a16662747cdeb9abbac74d0057cc976e
  depends:
  - python >=3.9
  license: MIT and PSF-2.0
  size: 20486
  timestamp: 1733208916977
- conda: https://conda.anaconda.org/conda-forge/noarch/iniconfig-2.0.0-pyhd8ed1ab_1.conda
  sha256: 0ec8f4d02053cd03b0f3e63168316530949484f80e16f5e2fb199a1d117a89ca
  md5: 6837f3eff7dcea42ecd714ce1ac2b108
  depends:
  - python >=3.9
  license: MIT
  license_family: MIT
  size: 11474
  timestamp: 1733223232820
- conda: https://conda.anaconda.org/conda-forge/win-64/intel-openmp-2024.2.1-h57928b3_1083.conda
  sha256: 0fd2b0b84c854029041b0ede8f4c2369242ee92acc0092f8407b1fe9238a8209
  md5: 2d89243bfb53652c182a7c73182cce4f
  license: LicenseRef-IntelSimplifiedSoftwareOct2022
  license_family: Proprietary
  size: 1852356
  timestamp: 1723739573141
- conda: https://conda.anaconda.org/conda-forge/win-64/libblas-3.9.0-26_win64_mkl.conda
  build_number: 26
  sha256: d631993a5cf5b8d3201f881084fce7ff6a26cd49883e189bf582cd0b7975c80a
  md5: ecfe732dbad1be001826fdb7e5e891b5
  depends:
  - mkl 2024.2.2 h66d3029_15
  constrains:
  - liblapacke 3.9.0 26_win64_mkl
  - liblapack 3.9.0 26_win64_mkl
  - blas * mkl
  - libcblas 3.9.0 26_win64_mkl
  license: BSD-3-Clause
  license_family: BSD
  size: 3733122
  timestamp: 1734432745507
- conda: https://conda.anaconda.org/conda-forge/win-64/libcblas-3.9.0-26_win64_mkl.conda
  build_number: 26
  sha256: 66699c4f84fd36b67a34a7ac59fb86e73ee0c5b3c3502441041c8dd51f0a7d49
  md5: 652f3adcb9d329050a325416edb14246
  depends:
  - libblas 3.9.0 26_win64_mkl
  constrains:
  - liblapacke 3.9.0 26_win64_mkl
  - liblapack 3.9.0 26_win64_mkl
  - blas * mkl
  license: BSD-3-Clause
  license_family: BSD
  size: 3732146
  timestamp: 1734432785653
- conda: https://conda.anaconda.org/conda-forge/win-64/libexpat-2.6.4-he0c23c2_0.conda
  sha256: 0c0447bf20d1013d5603499de93a16b6faa92d7ead870d96305c0f065b6a5a12
  md5: eb383771c680aa792feb529eaf9df82f
  depends:
  - ucrt >=10.0.20348.0
  - vc >=14.2,<15
  - vc14_runtime >=14.29.30139
  constrains:
  - expat 2.6.4.*
  license: MIT
  license_family: MIT
  size: 139068
  timestamp: 1730967442102
- conda: https://conda.anaconda.org/conda-forge/win-64/libffi-3.4.2-h8ffe710_5.tar.bz2
  sha256: 1951ab740f80660e9bc07d2ed3aefb874d78c107264fd810f24a1a6211d4b1a5
  md5: 2c96d1b6915b408893f9472569dee135
  depends:
  - vc >=14.1,<15.0a0
  - vs2015_runtime >=14.16.27012
  license: MIT
  license_family: MIT
  size: 42063
  timestamp: 1636489106777
- conda: https://conda.anaconda.org/conda-forge/win-64/libhwloc-2.11.2-default_ha69328c_1001.conda
  sha256: 850e255997f538d5fb6ed651321141155a33bb781d43d326fc4ff62114dd2842
  md5: b87a0ac5ab6495d8225db5dc72dd21cd
  depends:
  - libwinpthread >=12.0.0.r4.gg4f2fc60ca
  - libxml2 >=2.13.4,<3.0a0
  - ucrt >=10.0.20348.0
  - vc >=14.2,<15
  - vc14_runtime >=14.29.30139
  license: BSD-3-Clause
  license_family: BSD
  size: 2390021
  timestamp: 1731375651179
- conda: https://conda.anaconda.org/conda-forge/win-64/libiconv-1.17-hcfcfb64_2.conda
  sha256: 5f844dd19b046d43174ad80c6ea75b5d504020e3b63cfbc4ace97b8730d35c7b
  md5: e1eb10b1cca179f2baa3601e4efc8712
  depends:
  - ucrt >=10.0.20348.0
  - vc >=14.2,<15
  - vc14_runtime >=14.29.30139
  license: LGPL-2.1-only
  size: 636146
  timestamp: 1702682547199
- conda: https://conda.anaconda.org/conda-forge/win-64/liblapack-3.9.0-26_win64_mkl.conda
  build_number: 26
  sha256: 6701bd162d105531b75d05acf82b4ad9fbc5a24ffbccf8c66efa9e72c386b33c
  md5: 0a717f5fda7279b77bcce671b324408a
  depends:
  - libblas 3.9.0 26_win64_mkl
  constrains:
  - liblapacke 3.9.0 26_win64_mkl
  - blas * mkl
  - libcblas 3.9.0 26_win64_mkl
  license: BSD-3-Clause
  license_family: BSD
  size: 3732160
  timestamp: 1734432822278
- conda: https://conda.anaconda.org/conda-forge/win-64/liblzma-5.6.3-h2466b09_1.conda
  sha256: 24d04bd55adfa44c421c99ce169df38cb1ad2bba5f43151bc847fc802496a1fa
  md5: 015b9c0bd1eef60729ab577a38aaf0b5
  depends:
  - ucrt >=10.0.20348.0
  - vc >=14.2,<15
  - vc14_runtime >=14.29.30139
  license: 0BSD
  size: 104332
  timestamp: 1733407872569
- conda: https://conda.anaconda.org/conda-forge/win-64/libmpdec-4.0.0-h2466b09_0.conda
  sha256: fc529fc82c7caf51202cc5cec5bb1c2e8d90edbac6d0a4602c966366efe3c7bf
  md5: 74860100b2029e2523cf480804c76b9b
  depends:
  - ucrt >=10.0.20348.0
  - vc >=14.2,<15
  - vc14_runtime >=14.29.30139
  license: BSD-2-Clause
  license_family: BSD
  size: 88657
  timestamp: 1723861474602
- conda: https://conda.anaconda.org/conda-forge/win-64/libsqlite-3.47.2-h67fdade_0.conda
  sha256: ecfc0182c3b2e63c870581be1fa0e4dbdfec70d2011cb4f5bde416ece26c41df
  md5: ff00095330e0d35a16bd3bdbd1a2d3e7
  depends:
  - ucrt >=10.0.20348.0
  - vc >=14.2,<15
  - vc14_runtime >=14.29.30139
  license: Unlicense
  size: 891292
  timestamp: 1733762116902
- conda: https://conda.anaconda.org/conda-forge/win-64/libwinpthread-12.0.0.r4.gg4f2fc60ca-h57928b3_8.conda
  sha256: 6d5e158813ab8d553fbb0fedd0abe7bf92970b0be3a9ddf12da0f6cbad78f506
  md5: 03cccbba200ee0523bde1f3dad60b1f3
  depends:
  - ucrt
  constrains:
  - pthreads-win32 <0.0a0
  - msys2-conda-epoch <0.0a0
  license: MIT AND BSD-3-Clause-Clear
  size: 35433
  timestamp: 1724681489463
- conda: https://conda.anaconda.org/conda-forge/win-64/libxml2-2.13.5-he286e8c_1.conda
  sha256: 084dd4dde342f13c43ee418d153ac5b2610f95be029073a15fa9dda22b130d06
  md5: 77eaa84f90fc90643c5a0be0aa9bdd1b
  depends:
  - libiconv >=1.17,<2.0a0
  - libzlib >=1.3.1,<2.0a0
  - ucrt >=10.0.20348.0
  - vc >=14.2,<15
  - vc14_runtime >=14.29.30139
  license: MIT
  license_family: MIT
  size: 1612294
  timestamp: 1733443909984
- conda: https://conda.anaconda.org/conda-forge/win-64/libzlib-1.3.1-h2466b09_2.conda
  sha256: ba945c6493449bed0e6e29883c4943817f7c79cbff52b83360f7b341277c6402
  md5: 41fbfac52c601159df6c01f875de31b9
  depends:
  - ucrt >=10.0.20348.0
  - vc >=14.2,<15
  - vc14_runtime >=14.29.30139
  constrains:
  - zlib 1.3.1 *_2
  license: Zlib
  license_family: Other
  size: 55476
  timestamp: 1727963768015
- conda: https://conda.anaconda.org/conda-forge/win-64/maturin-1.7.8-py313h2069e65_0.conda
  sha256: 5d89f7583209a3cffa508a40c1dd7035d1fee7d108d9b85038a317a6c883106f
  md5: 733bbec3e8ce6a32e4270316c1bc7208
  depends:
  - python >=3.13,<3.14.0a0
  - python_abi 3.13.* *_cp313
  - tomli >=1.1.0
  - ucrt >=10.0.20348.0
  - vc >=14.2,<15
  - vc14_runtime >=14.29.30139
  license: MIT
  license_family: MIT
  size: 4770018
  timestamp: 1733435121828
- conda: https://conda.anaconda.org/conda-forge/win-64/mkl-2024.2.2-h66d3029_15.conda
  sha256: 20e52b0389586d0b914a49cd286c5ccc9c47949bed60ca6df004d1d295f2edbd
  md5: 302dff2807f2927b3e9e0d19d60121de
  depends:
  - intel-openmp 2024.*
  - tbb 2021.*
  license: LicenseRef-IntelSimplifiedSoftwareOct2022
  license_family: Proprietary
  size: 103106385
  timestamp: 1730232843711
- conda: https://conda.anaconda.org/conda-forge/win-64/mypy-1.13.0-py313ha7868ed_0.conda
  sha256: d6cfe5e927940da760312d16305e4a0013e5be318da2bb893a0f62004db298de
  md5: e432bc642eaf6e36b5e4a3f615e2e91f
  depends:
  - mypy_extensions >=1.0.0
  - psutil >=4.0
  - python >=3.13,<3.14.0a0
  - python_abi 3.13.* *_cp313
  - typing_extensions >=4.1.0
  - ucrt >=10.0.20348.0
  - vc >=14.2,<15
  - vc14_runtime >=14.29.30139
  license: MIT
  license_family: MIT
  size: 8608743
  timestamp: 1729644175962
- conda: https://conda.anaconda.org/conda-forge/noarch/mypy_extensions-1.0.0-pyha770c72_1.conda
  sha256: 1895f47b7d68581a6facde5cb13ab8c2764c2e53a76bd746f8f98910dc4e08fe
  md5: 29097e7ea634a45cc5386b95cac6568f
  depends:
  - python >=3.9
  license: MIT
  license_family: MIT
  size: 10854
  timestamp: 1733230986902
- conda: https://conda.anaconda.org/conda-forge/win-64/numpy-2.2.0-py313hd65a2fa_0.conda
  sha256: 21708bb129e364d2f613804e0b564dfd1f7a0a46aae04080bdcd700aaa115b88
  md5: 23e7f43c81504b0b5dfc2f6244875839
  depends:
  - libblas >=3.9.0,<4.0a0
  - libcblas >=3.9.0,<4.0a0
  - liblapack >=3.9.0,<4.0a0
  - python >=3.13,<3.14.0a0
  - python_abi 3.13.* *_cp313
  - ucrt >=10.0.20348.0
  - vc >=14.2,<15
  - vc14_runtime >=14.29.30139
  constrains:
  - numpy-base <0a0
  license: BSD-3-Clause
  license_family: BSD
  size: 7039077
  timestamp: 1733689248541
- conda: https://conda.anaconda.org/conda-forge/win-64/openssl-3.4.0-h2466b09_0.conda
  sha256: e03045a0837e01ff5c75e9273a572553e7522290799807f918c917a9826a6484
  md5: d0d805d9b5524a14efb51b3bff965e83
  depends:
  - ca-certificates
  - ucrt >=10.0.20348.0
  - vc >=14.2,<15
  - vc14_runtime >=14.29.30139
  license: Apache-2.0
  license_family: Apache
  size: 8491156
  timestamp: 1731379715927
- conda: https://conda.anaconda.org/conda-forge/noarch/packaging-24.2-pyhd8ed1ab_2.conda
  sha256: da157b19bcd398b9804c5c52fc000fcb8ab0525bdb9c70f95beaa0bb42f85af1
  md5: 3bfed7e6228ebf2f7b9eaa47f1b4e2aa
  depends:
  - python >=3.8
  license: Apache-2.0
  license_family: APACHE
  size: 60164
  timestamp: 1733203368787
- conda: https://conda.anaconda.org/conda-forge/noarch/pluggy-1.5.0-pyhd8ed1ab_1.conda
  sha256: 122433fc5318816b8c69283aaf267c73d87aa2d09ce39f64c9805c9a3b264819
  md5: e9dcbce5f45f9ee500e728ae58b605b6
  depends:
  - python >=3.9
  license: MIT
  license_family: MIT
  size: 23595
  timestamp: 1733222855563
- conda: https://conda.anaconda.org/conda-forge/win-64/polars-1.17.1-py313ha4bf7ce_0.conda
  sha256: daae03f3dbb230398d90c2f0a75ee55856d8167e03d480da396f8c49cc4d5c33
  md5: e77630da9df6fe63abf4ccc1cbfb429f
  depends:
  - numpy >=1.16.0
  - packaging
  - python >=3.13,<3.14.0a0
  - python_abi 3.13.* *_cp313
  - ucrt >=10.0.20348.0
  - vc >=14.3
  - vc14_runtime >=14.42.34433
  license: MIT
  license_family: MIT
  size: 27010933
  timestamp: 1733814274038
- conda: https://conda.anaconda.org/conda-forge/win-64/psutil-6.1.0-py313ha7868ed_0.conda
  sha256: d58defe84d46da1a7e80283e165d6a9d09378fd830b48917751a318ab5a5d4ce
  md5: d13841485f9159f317a4e8bb974e9c8e
  depends:
  - python >=3.13,<3.14.0a0
  - python_abi 3.13.* *_cp313
  - ucrt >=10.0.20348.0
  - vc >=14.2,<15
  - vc14_runtime >=14.29.30139
  license: BSD-3-Clause
  license_family: BSD
  size: 508489
  timestamp: 1729847497486
- conda: https://conda.anaconda.org/conda-forge/noarch/pytest-8.3.4-pyhd8ed1ab_1.conda
  sha256: 75245ca9d0cbd6d38bb45ec02430189a9d4c21c055c5259739d738a2298d61b3
  md5: 799ed216dc6af62520f32aa39bc1c2bb
  depends:
  - colorama
  - exceptiongroup >=1.0.0rc8
  - iniconfig
  - packaging
  - pluggy <2,>=1.5
  - python >=3.9
  - tomli >=1
  constrains:
  - pytest-faulthandler >=2
  license: MIT
  license_family: MIT
  size: 259195
  timestamp: 1733217599806
- conda: https://conda.anaconda.org/conda-forge/win-64/python-3.13.1-h071d269_102_cp313.conda
  build_number: 102
  sha256: ee41eda85ebc3a257a3b21a76d255d986b08a285d891e418cbfb70113ee14684
  md5: 70568ba8bbd5f0c7b830e690775eb8b7
  depends:
  - bzip2 >=1.0.8,<2.0a0
  - libexpat >=2.6.4,<3.0a0
  - libffi >=3.4,<4.0a0
  - liblzma >=5.6.3,<6.0a0
  - libmpdec >=4.0.0,<5.0a0
  - libsqlite >=3.47.0,<4.0a0
  - libzlib >=1.3.1,<2.0a0
  - openssl >=3.4.0,<4.0a0
  - python_abi 3.13.* *_cp313
  - tk >=8.6.13,<8.7.0a0
  - tzdata
  - ucrt >=10.0.20348.0
  - vc >=14.2,<15
  - vc14_runtime >=14.29.30139
  license: Python-2.0
  size: 16753813
  timestamp: 1733433028707
- conda: https://conda.anaconda.org/conda-forge/win-64/python_abi-3.13-5_cp313.conda
  build_number: 5
  sha256: 0c12cc1b84962444002c699ed21e815fb9f686f950d734332a1b74d07db97756
  md5: 44b4fe6f22b57103afb2299935c8b68e
  constrains:
  - python 3.13.* *_cp313
  license: BSD-3-Clause
  license_family: BSD
  size: 6716
  timestamp: 1723823166911
- conda: https://conda.anaconda.org/conda-forge/win-64/ruff-0.8.3-py313h331c231_0.conda
  sha256: af0833996c191e8ce33efb52491d845cf9c4537a8fa787fd67b2b44ff9fa3f41
  md5: 410e3e4201bc0de6b0f9de9b63e4759e
  depends:
  - python >=3.13,<3.14.0a0
  - python_abi 3.13.* *_cp313
  - ucrt >=10.0.20348.0
  - vc >=14.2,<15
  - vc14_runtime >=14.29.30139
  license: MIT
  license_family: MIT
  size: 6918580
  timestamp: 1734067315832
- conda: https://conda.anaconda.org/conda-forge/win-64/rust-1.83.0-hf8d6059_0.conda
  sha256: b76f97db4b5e58b347b580b7dc607d4d4b9d0897214c96df6aec000cf114f019
  md5: 4ed0a85a688860f67f77f13bab9e3413
  depends:
  - rust-std-x86_64-pc-windows-msvc 1.83.0 h17fc481_0
  license: MIT
  license_family: MIT
  size: 206525344
  timestamp: 1732867959161
- conda: https://conda.anaconda.org/conda-forge/noarch/rust-std-x86_64-pc-windows-msvc-1.83.0-h17fc481_0.conda
  sha256: 5d44e5a17750bfbb69bd4f697d1e431bb9e7ca080be1d1724b90474024c2494e
  md5: c6accdb6a8f80bd500b2fd73d079d255
  depends:
  - __win
  constrains:
  - rust >=1.83.0,<1.83.1.0a0
  license: MIT
  license_family: MIT
  size: 27534988
  timestamp: 1732867749232
- conda: https://conda.anaconda.org/conda-forge/win-64/tbb-2021.13.0-h62715c5_1.conda
  sha256: 03cc5442046485b03dd1120d0f49d35a7e522930a2ab82f275e938e17b07b302
  md5: 9190dd0a23d925f7602f9628b3aed511
  depends:
  - libhwloc >=2.11.2,<2.11.3.0a0
  - ucrt >=10.0.20348.0
  - vc >=14.2,<15
  - vc14_runtime >=14.29.30139
  license: Apache-2.0
  license_family: APACHE
  size: 151460
  timestamp: 1732982860332
- conda: https://conda.anaconda.org/conda-forge/win-64/tk-8.6.13-h5226925_1.conda
  sha256: 2c4e914f521ccb2718946645108c9bd3fc3216ba69aea20c2c3cedbd8db32bb1
  md5: fc048363eb8f03cd1737600a5d08aafe
  depends:
  - ucrt >=10.0.20348.0
  - vc >=14.2,<15
  - vc14_runtime >=14.29.30139
  license: TCL
  license_family: BSD
  size: 3503410
  timestamp: 1699202577803
- conda: https://conda.anaconda.org/conda-forge/noarch/tomli-2.2.1-pyhd8ed1ab_1.conda
  sha256: 18636339a79656962723077df9a56c0ac7b8a864329eb8f847ee3d38495b863e
  md5: ac944244f1fed2eb49bae07193ae8215
  depends:
  - python >=3.9
  license: MIT
  license_family: MIT
  size: 19167
  timestamp: 1733256819729
- conda: https://conda.anaconda.org/conda-forge/noarch/typing_extensions-4.12.2-pyha770c72_1.conda
  sha256: 337be7af5af8b2817f115b3b68870208b30c31d3439bec07bfb2d8f4823e3568
  md5: d17f13df8b65464ca316cbc000a3cb64
  depends:
  - python >=3.9
  license: PSF-2.0
  license_family: PSF
  size: 39637
  timestamp: 1733188758212
- conda: https://conda.anaconda.org/conda-forge/noarch/tzdata-2024b-hc8b5060_0.conda
  sha256: 4fde5c3008bf5d2db82f2b50204464314cc3c91c1d953652f7bd01d9e52aefdf
  md5: 8ac3367aafb1cc0a068483c580af8015
  license: LicenseRef-Public-Domain
  size: 122354
  timestamp: 1728047496079
- conda: https://conda.anaconda.org/conda-forge/win-64/ucrt-10.0.22621.0-h57928b3_1.conda
  sha256: db8dead3dd30fb1a032737554ce91e2819b43496a0db09927edf01c32b577450
  md5: 6797b005cd0f439c4c5c9ac565783700
  constrains:
  - vs2015_runtime >=14.29.30037
  license: LicenseRef-MicrosoftWindowsSDK10
  size: 559710
  timestamp: 1728377334097
- conda: https://conda.anaconda.org/conda-forge/win-64/uv-0.5.10-ha08ef0e_0.conda
  sha256: 213ac214b56f2a2422bc751274b944237337b0b6b5faa07ea7dc6ee733cc1d87
  md5: 44d01272188eb35fc9def8037036123f
  depends:
  - ucrt >=10.0.20348.0
  - vc >=14.2,<15
  - vc14_runtime >=14.29.30139
  arch: x86_64
  platform: win
  license: Apache-2.0 OR MIT
  size: 11481404
  timestamp: 1734537661786
- conda: https://conda.anaconda.org/conda-forge/win-64/vc-14.3-ha32ba9b_23.conda
  sha256: 986ddaf8feec2904eac9535a7ddb7acda1a1dfb9482088fdb8129f1595181663
  md5: 7c10ec3158d1eb4ddff7007c9101adb0
  depends:
  - vc14_runtime >=14.38.33135
  track_features:
  - vc14
  license: BSD-3-Clause
  license_family: BSD
  size: 17479
  timestamp: 1731710827215
- conda: https://conda.anaconda.org/conda-forge/win-64/vc14_runtime-14.42.34433-he29a5d6_23.conda
  sha256: c483b090c4251a260aba6ff3e83a307bcfb5fb24ad7ced872ab5d02971bd3a49
  md5: 32b37d0cfa80da34548501cdc913a832
  depends:
  - ucrt >=10.0.20348.0
  constrains:
  - vs2015_runtime 14.42.34433.* *_23
  license: LicenseRef-MicrosoftVisualCpp2015-2022Runtime
  license_family: Proprietary
  size: 754247
  timestamp: 1731710681163
- conda: https://conda.anaconda.org/conda-forge/win-64/vs2015_runtime-14.42.34433-hdffcdeb_23.conda
  sha256: 568ce8151eaae256f1cef752fc78651ad7a86ff05153cc7a4740b52ae6536118
  md5: 5c176975ca2b8366abad3c97b3cd1e83
  depends:
  - vc14_runtime >=14.42.34433
  license: BSD-3-Clause
  license_family: BSD
  size: 17572
  timestamp: 1731710685291
